// !$*UTF8*$!
{
	archiveVersion = 1;
	classes = {
	};
	objectVersion = 56;
	objects = {

/* Begin PBXBuildFile section */
		D11FCBB92A7E1243007479BA /* Date.swift in Sources */ = {isa = PBXBuildFile; fileRef = D11FCBB82A7E1243007479BA /* Date.swift */; };
		D11FCBCA2A8180A3007479BA /* Route.swift in Sources */ = {isa = PBXBuildFile; fileRef = D11FCBC92A8180A3007479BA /* Route.swift */; };
		D11FCBCC2A818219007479BA /* GroupChatViewModel.swift in Sources */ = {isa = PBXBuildFile; fileRef = D11FCBCB2A818219007479BA /* GroupChatViewModel.swift */; };
		D141C44C2A6D767100668706 /* GroupChatView.swift in Sources */ = {isa = PBXBuildFile; fileRef = D141C44B2A6D767100668706 /* GroupChatView.swift */; };
		D1433CA22A70DC3200616CB0 /* CreateGroupChatViewModel.swift in Sources */ = {isa = PBXBuildFile; fileRef = D1433CA12A70DC3200616CB0 /* CreateGroupChatViewModel.swift */; };
		D143D91C2A5149AE0091B691 /* ChatAppApp.swift in Sources */ = {isa = PBXBuildFile; fileRef = D143D91B2A5149AE0091B691 /* ChatAppApp.swift */; };
		D143D91E2A5149AE0091B691 /* ContentView.swift in Sources */ = {isa = PBXBuildFile; fileRef = D143D91D2A5149AE0091B691 /* ContentView.swift */; };
		D143D9202A5149B00091B691 /* Assets.xcassets in Resources */ = {isa = PBXBuildFile; fileRef = D143D91F2A5149B00091B691 /* Assets.xcassets */; };
		D143D9232A5149B00091B691 /* Preview Assets.xcassets in Resources */ = {isa = PBXBuildFile; fileRef = D143D9222A5149B00091B691 /* Preview Assets.xcassets */; };
		D143D9312A514B710091B691 /* LoginView.swift in Sources */ = {isa = PBXBuildFile; fileRef = D143D9302A514B710091B691 /* LoginView.swift */; };
		D143D9332A514E790091B691 /* InputView.swift in Sources */ = {isa = PBXBuildFile; fileRef = D143D9322A514E790091B691 /* InputView.swift */; };
		D143D9352A51581A0091B691 /* RegistrationView.swift in Sources */ = {isa = PBXBuildFile; fileRef = D143D9342A51581A0091B691 /* RegistrationView.swift */; };
		D143D9372A5165F50091B691 /* ProfileView.swift in Sources */ = {isa = PBXBuildFile; fileRef = D143D9362A5165F50091B691 /* ProfileView.swift */; };
		D143D93D2A5179350091B691 /* SettingsOptionsViewModel.swift in Sources */ = {isa = PBXBuildFile; fileRef = D143D93C2A5179350091B691 /* SettingsOptionsViewModel.swift */; };
		D143D93F2A517AD40091B691 /* User.swift in Sources */ = {isa = PBXBuildFile; fileRef = D143D93E2A517AD40091B691 /* User.swift */; };
		D143D9442A51871B0091B691 /* InboxView.swift in Sources */ = {isa = PBXBuildFile; fileRef = D143D9432A51871B0091B691 /* InboxView.swift */; };
		D143D9462A5188A90091B691 /* NewMessageView.swift in Sources */ = {isa = PBXBuildFile; fileRef = D143D9452A5188A90091B691 /* NewMessageView.swift */; };
		D143D9482A518E340091B691 /* InboxRowView.swift in Sources */ = {isa = PBXBuildFile; fileRef = D143D9472A518E340091B691 /* InboxRowView.swift */; };
		D143D94A2A5204D70091B691 /* GoogleService-Info.plist in Resources */ = {isa = PBXBuildFile; fileRef = D143D9492A5204D70091B691 /* GoogleService-Info.plist */; };
		D143D9562A52096A0091B691 /* AuthService.swift in Sources */ = {isa = PBXBuildFile; fileRef = D143D9552A52096A0091B691 /* AuthService.swift */; };
		D168DC9E2A6F9EA500BC3282 /* SelectableUserCellViewModel.swift in Sources */ = {isa = PBXBuildFile; fileRef = D168DC9D2A6F9EA400BC3282 /* SelectableUserCellViewModel.swift */; };
		D178EE362A81DB8000B59D07 /* Color.swift in Sources */ = {isa = PBXBuildFile; fileRef = D178EE352A81DB8000B59D07 /* Color.swift */; };
		D178EE382A81F0CA00B59D07 /* PhotosPickerHelper.swift in Sources */ = {isa = PBXBuildFile; fileRef = D178EE372A81F0CA00B59D07 /* PhotosPickerHelper.swift */; };
		D178EE3B2A81F69A00B59D07 /* AuthError.swift in Sources */ = {isa = PBXBuildFile; fileRef = D178EE3A2A81F69A00B59D07 /* AuthError.swift */; };
		D17A19FC2A78EAC8004DC1F4 /* GroupChatsViewModel.swift in Sources */ = {isa = PBXBuildFile; fileRef = D17A19FB2A78EAC8004DC1F4 /* GroupChatsViewModel.swift */; };
		D17A19FE2A78EE9A004DC1F4 /* GroupChat.swift in Sources */ = {isa = PBXBuildFile; fileRef = D17A19FD2A78EE9A004DC1F4 /* GroupChat.swift */; };
		D19F04E12A7CA2C5004BD33F /* InboxService.swift in Sources */ = {isa = PBXBuildFile; fileRef = D19F04E02A7CA2C5004BD33F /* InboxService.swift */; };
		D19F04E42A7CA790004BD33F /* InboxViewModel.swift in Sources */ = {isa = PBXBuildFile; fileRef = D19F04E32A7CA790004BD33F /* InboxViewModel.swift */; };
		D1A899202A82004900E27E8F /* ChatService.swift in Sources */ = {isa = PBXBuildFile; fileRef = D1A8991F2A82004900E27E8F /* ChatService.swift */; };
		D1A899222A82152700E27E8F /* MessageInputView.swift in Sources */ = {isa = PBXBuildFile; fileRef = D1A899212A82152700E27E8F /* MessageInputView.swift */; };
		D1A899242A821A7400E27E8F /* ScrollViewOffsetPreferenceKey.swift in Sources */ = {isa = PBXBuildFile; fileRef = D1A899232A821A7400E27E8F /* ScrollViewOffsetPreferenceKey.swift */; };
		D1B2AE812A70F88B00D17BA6 /* SelectGroupMembersViewModel.swift in Sources */ = {isa = PBXBuildFile; fileRef = D1B2AE802A70F88B00D17BA6 /* SelectGroupMembersViewModel.swift */; };
		D1B2AE832A71018300D17BA6 /* CreateGroupChatView.swift in Sources */ = {isa = PBXBuildFile; fileRef = D1B2AE822A71018300D17BA6 /* CreateGroupChatView.swift */; };
		D1B8BC2F2A6E3C2400D17E79 /* GroupChatCell.swift in Sources */ = {isa = PBXBuildFile; fileRef = D1B8BC2E2A6E3C2400D17E79 /* GroupChatCell.swift */; };
		D1B8BC332A6E4CE500D17E79 /* SelectGroupMembersView.swift in Sources */ = {isa = PBXBuildFile; fileRef = D1B8BC322A6E4CE500D17E79 /* SelectGroupMembersView.swift */; };
		D1B8E4F52A5D442F00B3063B /* ImageUploader.swift in Sources */ = {isa = PBXBuildFile; fileRef = D1B8E4F42A5D442F00B3063B /* ImageUploader.swift */; };
		D1B8E4F72A5D524F00B3063B /* ProfileViewModel.swift in Sources */ = {isa = PBXBuildFile; fileRef = D1B8E4F62A5D524F00B3063B /* ProfileViewModel.swift */; };
		D1B8E4FB2A5D6D1400B3063B /* ContentViewModel.swift in Sources */ = {isa = PBXBuildFile; fileRef = D1B8E4FA2A5D6D1400B3063B /* ContentViewModel.swift */; };
		D1B8E4FD2A5D6E3A00B3063B /* UserService.swift in Sources */ = {isa = PBXBuildFile; fileRef = D1B8E4FC2A5D6E3A00B3063B /* UserService.swift */; };
		D1B8E4FF2A5D7BB700B3063B /* LoginViewModel.swift in Sources */ = {isa = PBXBuildFile; fileRef = D1B8E4FE2A5D7BB700B3063B /* LoginViewModel.swift */; };
		D1B8E5022A5D7E2F00B3063B /* RegistrationViewModel.swift in Sources */ = {isa = PBXBuildFile; fileRef = D1B8E5012A5D7E2F00B3063B /* RegistrationViewModel.swift */; };
		D1B937A32A5DA762005AE24A /* CircularProfileImageView.swift in Sources */ = {isa = PBXBuildFile; fileRef = D1B937A22A5DA762005AE24A /* CircularProfileImageView.swift */; };
		D1B9A09F2A604D9B00BFCF82 /* MessageService.swift in Sources */ = {isa = PBXBuildFile; fileRef = D1B9A09E2A604D9B00BFCF82 /* MessageService.swift */; };
		D1B9A0A12A61569E00BFCF82 /* ChatViewModel.swift in Sources */ = {isa = PBXBuildFile; fileRef = D1B9A0A02A61569E00BFCF82 /* ChatViewModel.swift */; };
		D1BBA57F2A5DB4C000D86D47 /* ChatView.swift in Sources */ = {isa = PBXBuildFile; fileRef = D1BBA57E2A5DB4C000D86D47 /* ChatView.swift */; };
		D1BBA5812A5DB7F300D86D47 /* ChatBubble.swift in Sources */ = {isa = PBXBuildFile; fileRef = D1BBA5802A5DB7F300D86D47 /* ChatBubble.swift */; };
		D1BBA5832A5DB81600D86D47 /* ChatMessageCell.swift in Sources */ = {isa = PBXBuildFile; fileRef = D1BBA5822A5DB81600D86D47 /* ChatMessageCell.swift */; };
		D1BBA5852A5DCA2800D86D47 /* Message.swift in Sources */ = {isa = PBXBuildFile; fileRef = D1BBA5842A5DCA2700D86D47 /* Message.swift */; };
		D1BE174D2A52869E00E8B8F0 /* ForgotPasswordView.swift in Sources */ = {isa = PBXBuildFile; fileRef = D1BE174C2A52869E00E8B8F0 /* ForgotPasswordView.swift */; };
		D1C6CAC52A5DD4D900E834B0 /* NewMessageViewModel.swift in Sources */ = {isa = PBXBuildFile; fileRef = D1C6CAC42A5DD4D900E834B0 /* NewMessageViewModel.swift */; };
		D1C6CAC72A5DD63000E834B0 /* Constants.swift in Sources */ = {isa = PBXBuildFile; fileRef = D1C6CAC62A5DD63000E834B0 /* Constants.swift */; };
		D1C7C26C2A6E585700C9659B /* Kingfisher in Frameworks */ = {isa = PBXBuildFile; productRef = D1C7C26B2A6E585700C9659B /* Kingfisher */; };
		D1C7C26F2A6E5F0F00C9659B /* FirebaseAuth in Frameworks */ = {isa = PBXBuildFile; productRef = D1C7C26E2A6E5F0F00C9659B /* FirebaseAuth */; };
		D1C7C2712A6E5F0F00C9659B /* FirebaseFirestore in Frameworks */ = {isa = PBXBuildFile; productRef = D1C7C2702A6E5F0F00C9659B /* FirebaseFirestore */; };
		D1C7C2732A6E5F0F00C9659B /* FirebaseFirestoreSwift in Frameworks */ = {isa = PBXBuildFile; productRef = D1C7C2722A6E5F0F00C9659B /* FirebaseFirestoreSwift */; };
		D1C7C2752A6E5F0F00C9659B /* FirebaseStorage in Frameworks */ = {isa = PBXBuildFile; productRef = D1C7C2742A6E5F0F00C9659B /* FirebaseStorage */; };
		D1C7C2782A6E771600C9659B /* SelectedGroupMembersView.swift in Sources */ = {isa = PBXBuildFile; fileRef = D1C7C2772A6E771600C9659B /* SelectedGroupMembersView.swift */; };
		D1C7C27A2A6EF24400C9659B /* SelectableUserCell.swift in Sources */ = {isa = PBXBuildFile; fileRef = D1C7C2792A6EF24400C9659B /* SelectableUserCell.swift */; };
		D1C7C27C2A6EF84F00C9659B /* SelectableUser.swift in Sources */ = {isa = PBXBuildFile; fileRef = D1C7C27B2A6EF84F00C9659B /* SelectableUser.swift */; };
/* End PBXBuildFile section */

/* Begin PBXFileReference section */
		D11FCBB82A7E1243007479BA /* Date.swift */ = {isa = PBXFileReference; lastKnownFileType = sourcecode.swift; path = Date.swift; sourceTree = "<group>"; };
		D11FCBC92A8180A3007479BA /* Route.swift */ = {isa = PBXFileReference; lastKnownFileType = sourcecode.swift; path = Route.swift; sourceTree = "<group>"; };
		D11FCBCB2A818219007479BA /* GroupChatViewModel.swift */ = {isa = PBXFileReference; lastKnownFileType = sourcecode.swift; path = GroupChatViewModel.swift; sourceTree = "<group>"; };
		D141C44B2A6D767100668706 /* GroupChatView.swift */ = {isa = PBXFileReference; lastKnownFileType = sourcecode.swift; path = GroupChatView.swift; sourceTree = "<group>"; };
		D1433CA12A70DC3200616CB0 /* CreateGroupChatViewModel.swift */ = {isa = PBXFileReference; lastKnownFileType = sourcecode.swift; path = CreateGroupChatViewModel.swift; sourceTree = "<group>"; };
		D143D9182A5149AE0091B691 /* ChatApp.app */ = {isa = PBXFileReference; explicitFileType = wrapper.application; includeInIndex = 0; path = ChatApp.app; sourceTree = BUILT_PRODUCTS_DIR; };
		D143D91B2A5149AE0091B691 /* ChatAppApp.swift */ = {isa = PBXFileReference; lastKnownFileType = sourcecode.swift; path = ChatAppApp.swift; sourceTree = "<group>"; };
		D143D91D2A5149AE0091B691 /* ContentView.swift */ = {isa = PBXFileReference; lastKnownFileType = sourcecode.swift; path = ContentView.swift; sourceTree = "<group>"; };
		D143D91F2A5149B00091B691 /* Assets.xcassets */ = {isa = PBXFileReference; lastKnownFileType = folder.assetcatalog; path = Assets.xcassets; sourceTree = "<group>"; };
		D143D9222A5149B00091B691 /* Preview Assets.xcassets */ = {isa = PBXFileReference; lastKnownFileType = folder.assetcatalog; path = "Preview Assets.xcassets"; sourceTree = "<group>"; };
		D143D9302A514B710091B691 /* LoginView.swift */ = {isa = PBXFileReference; lastKnownFileType = sourcecode.swift; path = LoginView.swift; sourceTree = "<group>"; };
		D143D9322A514E790091B691 /* InputView.swift */ = {isa = PBXFileReference; lastKnownFileType = sourcecode.swift; path = InputView.swift; sourceTree = "<group>"; };
		D143D9342A51581A0091B691 /* RegistrationView.swift */ = {isa = PBXFileReference; lastKnownFileType = sourcecode.swift; path = RegistrationView.swift; sourceTree = "<group>"; };
		D143D9362A5165F50091B691 /* ProfileView.swift */ = {isa = PBXFileReference; lastKnownFileType = sourcecode.swift; path = ProfileView.swift; sourceTree = "<group>"; };
		D143D93C2A5179350091B691 /* SettingsOptionsViewModel.swift */ = {isa = PBXFileReference; lastKnownFileType = sourcecode.swift; path = SettingsOptionsViewModel.swift; sourceTree = "<group>"; };
		D143D93E2A517AD40091B691 /* User.swift */ = {isa = PBXFileReference; lastKnownFileType = sourcecode.swift; path = User.swift; sourceTree = "<group>"; };
		D143D9432A51871B0091B691 /* InboxView.swift */ = {isa = PBXFileReference; lastKnownFileType = sourcecode.swift; path = InboxView.swift; sourceTree = "<group>"; };
		D143D9452A5188A90091B691 /* NewMessageView.swift */ = {isa = PBXFileReference; lastKnownFileType = sourcecode.swift; path = NewMessageView.swift; sourceTree = "<group>"; };
		D143D9472A518E340091B691 /* InboxRowView.swift */ = {isa = PBXFileReference; lastKnownFileType = sourcecode.swift; path = InboxRowView.swift; sourceTree = "<group>"; };
		D143D9492A5204D70091B691 /* GoogleService-Info.plist */ = {isa = PBXFileReference; lastKnownFileType = text.plist; path = "GoogleService-Info.plist"; sourceTree = SOURCE_ROOT; };
		D143D9552A52096A0091B691 /* AuthService.swift */ = {isa = PBXFileReference; lastKnownFileType = sourcecode.swift; path = AuthService.swift; sourceTree = "<group>"; };
		D168DC9D2A6F9EA400BC3282 /* SelectableUserCellViewModel.swift */ = {isa = PBXFileReference; lastKnownFileType = sourcecode.swift; path = SelectableUserCellViewModel.swift; sourceTree = "<group>"; };
		D178EE352A81DB8000B59D07 /* Color.swift */ = {isa = PBXFileReference; lastKnownFileType = sourcecode.swift; path = Color.swift; sourceTree = "<group>"; };
		D178EE372A81F0CA00B59D07 /* PhotosPickerHelper.swift */ = {isa = PBXFileReference; lastKnownFileType = sourcecode.swift; path = PhotosPickerHelper.swift; sourceTree = "<group>"; };
		D178EE3A2A81F69A00B59D07 /* AuthError.swift */ = {isa = PBXFileReference; lastKnownFileType = sourcecode.swift; path = AuthError.swift; sourceTree = "<group>"; };
		D17A19FB2A78EAC8004DC1F4 /* GroupChatsViewModel.swift */ = {isa = PBXFileReference; lastKnownFileType = sourcecode.swift; path = GroupChatsViewModel.swift; sourceTree = "<group>"; };
		D17A19FD2A78EE9A004DC1F4 /* GroupChat.swift */ = {isa = PBXFileReference; lastKnownFileType = sourcecode.swift; path = GroupChat.swift; sourceTree = "<group>"; };
		D19F04E02A7CA2C5004BD33F /* InboxService.swift */ = {isa = PBXFileReference; lastKnownFileType = sourcecode.swift; path = InboxService.swift; sourceTree = "<group>"; };
		D19F04E32A7CA790004BD33F /* InboxViewModel.swift */ = {isa = PBXFileReference; lastKnownFileType = sourcecode.swift; path = InboxViewModel.swift; sourceTree = "<group>"; };
		D1A8991F2A82004900E27E8F /* ChatService.swift */ = {isa = PBXFileReference; lastKnownFileType = sourcecode.swift; path = ChatService.swift; sourceTree = "<group>"; };
		D1A899212A82152700E27E8F /* MessageInputView.swift */ = {isa = PBXFileReference; lastKnownFileType = sourcecode.swift; path = MessageInputView.swift; sourceTree = "<group>"; };
		D1A899232A821A7400E27E8F /* ScrollViewOffsetPreferenceKey.swift */ = {isa = PBXFileReference; lastKnownFileType = sourcecode.swift; path = ScrollViewOffsetPreferenceKey.swift; sourceTree = "<group>"; };
		D1B2AE802A70F88B00D17BA6 /* SelectGroupMembersViewModel.swift */ = {isa = PBXFileReference; fileEncoding = 4; lastKnownFileType = sourcecode.swift; path = SelectGroupMembersViewModel.swift; sourceTree = "<group>"; };
		D1B2AE822A71018300D17BA6 /* CreateGroupChatView.swift */ = {isa = PBXFileReference; lastKnownFileType = sourcecode.swift; path = CreateGroupChatView.swift; sourceTree = "<group>"; };
		D1B8BC2E2A6E3C2400D17E79 /* GroupChatCell.swift */ = {isa = PBXFileReference; lastKnownFileType = sourcecode.swift; path = GroupChatCell.swift; sourceTree = "<group>"; };
		D1B8BC322A6E4CE500D17E79 /* SelectGroupMembersView.swift */ = {isa = PBXFileReference; lastKnownFileType = sourcecode.swift; path = SelectGroupMembersView.swift; sourceTree = "<group>"; };
		D1B8E4F42A5D442F00B3063B /* ImageUploader.swift */ = {isa = PBXFileReference; lastKnownFileType = sourcecode.swift; path = ImageUploader.swift; sourceTree = "<group>"; };
		D1B8E4F62A5D524F00B3063B /* ProfileViewModel.swift */ = {isa = PBXFileReference; lastKnownFileType = sourcecode.swift; path = ProfileViewModel.swift; sourceTree = "<group>"; };
		D1B8E4FA2A5D6D1400B3063B /* ContentViewModel.swift */ = {isa = PBXFileReference; lastKnownFileType = sourcecode.swift; path = ContentViewModel.swift; sourceTree = "<group>"; };
		D1B8E4FC2A5D6E3A00B3063B /* UserService.swift */ = {isa = PBXFileReference; lastKnownFileType = sourcecode.swift; path = UserService.swift; sourceTree = "<group>"; };
		D1B8E4FE2A5D7BB700B3063B /* LoginViewModel.swift */ = {isa = PBXFileReference; lastKnownFileType = sourcecode.swift; path = LoginViewModel.swift; sourceTree = "<group>"; };
		D1B8E5012A5D7E2F00B3063B /* RegistrationViewModel.swift */ = {isa = PBXFileReference; lastKnownFileType = sourcecode.swift; path = RegistrationViewModel.swift; sourceTree = "<group>"; };
		D1B937A22A5DA762005AE24A /* CircularProfileImageView.swift */ = {isa = PBXFileReference; lastKnownFileType = sourcecode.swift; path = CircularProfileImageView.swift; sourceTree = "<group>"; };
		D1B9A09E2A604D9B00BFCF82 /* MessageService.swift */ = {isa = PBXFileReference; lastKnownFileType = sourcecode.swift; path = MessageService.swift; sourceTree = "<group>"; };
		D1B9A0A02A61569E00BFCF82 /* ChatViewModel.swift */ = {isa = PBXFileReference; lastKnownFileType = sourcecode.swift; path = ChatViewModel.swift; sourceTree = "<group>"; };
		D1BBA57E2A5DB4C000D86D47 /* ChatView.swift */ = {isa = PBXFileReference; lastKnownFileType = sourcecode.swift; path = ChatView.swift; sourceTree = "<group>"; };
		D1BBA5802A5DB7F300D86D47 /* ChatBubble.swift */ = {isa = PBXFileReference; lastKnownFileType = sourcecode.swift; path = ChatBubble.swift; sourceTree = "<group>"; };
		D1BBA5822A5DB81600D86D47 /* ChatMessageCell.swift */ = {isa = PBXFileReference; lastKnownFileType = sourcecode.swift; path = ChatMessageCell.swift; sourceTree = "<group>"; };
		D1BBA5842A5DCA2700D86D47 /* Message.swift */ = {isa = PBXFileReference; lastKnownFileType = sourcecode.swift; path = Message.swift; sourceTree = "<group>"; };
		D1BE174C2A52869E00E8B8F0 /* ForgotPasswordView.swift */ = {isa = PBXFileReference; lastKnownFileType = sourcecode.swift; path = ForgotPasswordView.swift; sourceTree = "<group>"; };
		D1C6CAC42A5DD4D900E834B0 /* NewMessageViewModel.swift */ = {isa = PBXFileReference; lastKnownFileType = sourcecode.swift; path = NewMessageViewModel.swift; sourceTree = "<group>"; };
		D1C6CAC62A5DD63000E834B0 /* Constants.swift */ = {isa = PBXFileReference; lastKnownFileType = sourcecode.swift; path = Constants.swift; sourceTree = "<group>"; };
		D1C7C2772A6E771600C9659B /* SelectedGroupMembersView.swift */ = {isa = PBXFileReference; lastKnownFileType = sourcecode.swift; path = SelectedGroupMembersView.swift; sourceTree = "<group>"; };
		D1C7C2792A6EF24400C9659B /* SelectableUserCell.swift */ = {isa = PBXFileReference; lastKnownFileType = sourcecode.swift; path = SelectableUserCell.swift; sourceTree = "<group>"; };
		D1C7C27B2A6EF84F00C9659B /* SelectableUser.swift */ = {isa = PBXFileReference; lastKnownFileType = sourcecode.swift; path = SelectableUser.swift; sourceTree = "<group>"; };
/* End PBXFileReference section */

/* Begin PBXFrameworksBuildPhase section */
		D143D9152A5149AE0091B691 /* Frameworks */ = {
			isa = PBXFrameworksBuildPhase;
			buildActionMask = 2147483647;
			files = (
				D1C7C26C2A6E585700C9659B /* Kingfisher in Frameworks */,
				D1C7C26F2A6E5F0F00C9659B /* FirebaseAuth in Frameworks */,
				D1C7C2712A6E5F0F00C9659B /* FirebaseFirestore in Frameworks */,
				D1C7C2752A6E5F0F00C9659B /* FirebaseStorage in Frameworks */,
				D1C7C2732A6E5F0F00C9659B /* FirebaseFirestoreSwift in Frameworks */,
			);
			runOnlyForDeploymentPostprocessing = 0;
		};
/* End PBXFrameworksBuildPhase section */

/* Begin PBXGroup section */
		D11FCBB72A7E1227007479BA /* Extensions */ = {
			isa = PBXGroup;
			children = (
				D11FCBB82A7E1243007479BA /* Date.swift */,
				D178EE352A81DB8000B59D07 /* Color.swift */,
			);
			path = Extensions;
			sourceTree = "<group>";
		};
		D11FCBC12A7F5ED3007479BA /* Chat */ = {
			isa = PBXGroup;
			children = (
				D11FCBC32A7F5F1C007479BA /* ViewModel */,
				D11FCBC22A7F5F0E007479BA /* View */,
			);
			path = Chat;
			sourceTree = "<group>";
		};
		D11FCBC22A7F5F0E007479BA /* View */ = {
			isa = PBXGroup;
			children = (
				D1B8BC2E2A6E3C2400D17E79 /* GroupChatCell.swift */,
				D141C44B2A6D767100668706 /* GroupChatView.swift */,
			);
			path = View;
			sourceTree = "<group>";
		};
		D11FCBC32A7F5F1C007479BA /* ViewModel */ = {
			isa = PBXGroup;
			children = (
				D11FCBCB2A818219007479BA /* GroupChatViewModel.swift */,
			);
			path = ViewModel;
			sourceTree = "<group>";
		};
		D11FCBC42A7F5F38007479BA /* SelectGroupMembers */ = {
			isa = PBXGroup;
			children = (
				D11FCBC62A7F5F8B007479BA /* ViewModel */,
				D11FCBC52A7F5F85007479BA /* View */,
			);
			path = SelectGroupMembers;
			sourceTree = "<group>";
		};
		D11FCBC52A7F5F85007479BA /* View */ = {
			isa = PBXGroup;
			children = (
				D1C7C2772A6E771600C9659B /* SelectedGroupMembersView.swift */,
				D1B8BC322A6E4CE500D17E79 /* SelectGroupMembersView.swift */,
				D1C7C2792A6EF24400C9659B /* SelectableUserCell.swift */,
			);
			path = View;
			sourceTree = "<group>";
		};
		D11FCBC62A7F5F8B007479BA /* ViewModel */ = {
			isa = PBXGroup;
			children = (
				D168DC9D2A6F9EA400BC3282 /* SelectableUserCellViewModel.swift */,
				D1B2AE802A70F88B00D17BA6 /* SelectGroupMembersViewModel.swift */,
			);
			path = ViewModel;
			sourceTree = "<group>";
		};
		D11FCBC72A7F602D007479BA /* CreateGroupChat */ = {
			isa = PBXGroup;
			children = (
				D141C44E2A6D858D00668706 /* View */,
				D168DC9A2A6F930900BC3282 /* ViewModel */,
			);
			path = CreateGroupChat;
			sourceTree = "<group>";
		};
		D11FCBC82A818087007479BA /* Routing */ = {
			isa = PBXGroup;
			children = (
				D11FCBC92A8180A3007479BA /* Route.swift */,
			);
			path = Routing;
			sourceTree = "<group>";
		};
		D11FCBCD2A818297007479BA /* Service */ = {
			isa = PBXGroup;
			children = (
				D1A8991F2A82004900E27E8F /* ChatService.swift */,
			);
			path = Service;
			sourceTree = "<group>";
		};
		D141C44D2A6D857000668706 /* Chat */ = {
			isa = PBXGroup;
			children = (
				D11FCBCD2A818297007479BA /* Service */,
				D1B96C862A5DFEE500526A53 /* View */,
				D1B96C852A5DFEDC00526A53 /* ViewModel */,
			);
			path = Chat;
			sourceTree = "<group>";
		};
		D141C44E2A6D858D00668706 /* View */ = {
			isa = PBXGroup;
			children = (
				D1B2AE822A71018300D17BA6 /* CreateGroupChatView.swift */,
			);
			path = View;
			sourceTree = "<group>";
		};
		D143D90F2A5149AE0091B691 = {
			isa = PBXGroup;
			children = (
				D143D91A2A5149AE0091B691 /* ChatApp */,
				D143D9192A5149AE0091B691 /* Products */,
			);
			sourceTree = "<group>";
		};
		D143D9192A5149AE0091B691 /* Products */ = {
			isa = PBXGroup;
			children = (
				D143D9182A5149AE0091B691 /* ChatApp.app */,
			);
			name = Products;
			sourceTree = "<group>";
		};
		D143D91A2A5149AE0091B691 /* ChatApp */ = {
			isa = PBXGroup;
			children = (
				D11FCBC82A818087007479BA /* Routing */,
				D19F04E22A7CA54E004BD33F /* Utils */,
				D143D92C2A514A2F0091B691 /* App */,
				D143D92B2A514A2D0091B691 /* Components */,
				D143D92A2A514A2B0091B691 /* Core */,
				D11FCBB72A7E1227007479BA /* Extensions */,
				D143D9292A514A290091B691 /* Model */,
				D1B8E4F32A5D440900B3063B /* Service */,
				D143D91F2A5149B00091B691 /* Assets.xcassets */,
				D143D9492A5204D70091B691 /* GoogleService-Info.plist */,
				D143D9212A5149B00091B691 /* Preview Content */,
			);
			path = ChatApp;
			sourceTree = "<group>";
		};
		D143D9212A5149B00091B691 /* Preview Content */ = {
			isa = PBXGroup;
			children = (
				D143D9222A5149B00091B691 /* Preview Assets.xcassets */,
			);
			path = "Preview Content";
			sourceTree = "<group>";
		};
		D143D9292A514A290091B691 /* Model */ = {
			isa = PBXGroup;
			children = (
				D143D93E2A517AD40091B691 /* User.swift */,
				D1BBA5842A5DCA2700D86D47 /* Message.swift */,
				D1C7C27B2A6EF84F00C9659B /* SelectableUser.swift */,
				D17A19FD2A78EE9A004DC1F4 /* GroupChat.swift */,
			);
			path = Model;
			sourceTree = "<group>";
		};
		D143D92A2A514A2B0091B691 /* Core */ = {
			isa = PBXGroup;
			children = (
				D1BBA57D2A5DB49D00D86D47 /* Messaging */,
				D143D92E2A514AEA0091B691 /* Authentication */,
				D143D9412A51855D0091B691 /* Inbox */,
				D1C7C2762A6E766600C9659B /* GroupChat(Channels) */,
				D143D9422A51856B0091B691 /* NewMessage */,
				D143D92F2A514AFD0091B691 /* Profile */,
				D143D92D2A514AA80091B691 /* Root */,
			);
			path = Core;
			sourceTree = "<group>";
		};
		D143D92B2A514A2D0091B691 /* Components */ = {
			isa = PBXGroup;
			children = (
				D143D9322A514E790091B691 /* InputView.swift */,
				D1B937A22A5DA762005AE24A /* CircularProfileImageView.swift */,
			);
			path = Components;
			sourceTree = "<group>";
		};
		D143D92C2A514A2F0091B691 /* App */ = {
			isa = PBXGroup;
			children = (
				D143D91B2A5149AE0091B691 /* ChatAppApp.swift */,
			);
			path = App;
			sourceTree = "<group>";
		};
		D143D92D2A514AA80091B691 /* Root */ = {
			isa = PBXGroup;
			children = (
				D1B8E4F92A5D6D0000B3063B /* View */,
				D1B8E4F82A5D6CF600B3063B /* ViewModel */,
			);
			path = Root;
			sourceTree = "<group>";
		};
		D143D92E2A514AEA0091B691 /* Authentication */ = {
			isa = PBXGroup;
			children = (
				D178EE392A81F67E00B59D07 /* Model */,
				D1B8E5002A5D7E0F00B3063B /* ViewModel */,
				D143D9542A5209050091B691 /* Service */,
				D143D9402A51850C0091B691 /* View */,
			);
			path = Authentication;
			sourceTree = "<group>";
		};
		D143D92F2A514AFD0091B691 /* Profile */ = {
			isa = PBXGroup;
			children = (
				D143D9392A51720A0091B691 /* View */,
				D143D9382A5171A10091B691 /* ViewModel */,
			);
			path = Profile;
			sourceTree = "<group>";
		};
		D143D9382A5171A10091B691 /* ViewModel */ = {
			isa = PBXGroup;
			children = (
				D143D93C2A5179350091B691 /* SettingsOptionsViewModel.swift */,
				D1B8E4F62A5D524F00B3063B /* ProfileViewModel.swift */,
			);
			path = ViewModel;
			sourceTree = "<group>";
		};
		D143D9392A51720A0091B691 /* View */ = {
			isa = PBXGroup;
			children = (
				D143D9362A5165F50091B691 /* ProfileView.swift */,
			);
			path = View;
			sourceTree = "<group>";
		};
		D143D9402A51850C0091B691 /* View */ = {
			isa = PBXGroup;
			children = (
				D143D9302A514B710091B691 /* LoginView.swift */,
				D143D9342A51581A0091B691 /* RegistrationView.swift */,
				D1BE174C2A52869E00E8B8F0 /* ForgotPasswordView.swift */,
			);
			path = View;
			sourceTree = "<group>";
		};
		D143D9412A51855D0091B691 /* Inbox */ = {
			isa = PBXGroup;
			children = (
				D19F04DF2A7CA2AD004BD33F /* Service */,
				D1BE1A432A63D65B00BA9BC1 /* ViewModel */,
				D1BE1A422A63D64D00BA9BC1 /* View */,
			);
			path = Inbox;
			sourceTree = "<group>";
		};
		D143D9422A51856B0091B691 /* NewMessage */ = {
			isa = PBXGroup;
			children = (
				D1C6CAC22A5DD4A900E834B0 /* ViewModel */,
				D1C6CAC12A5DD4A400E834B0 /* View */,
			);
			path = NewMessage;
			sourceTree = "<group>";
		};
		D143D9542A5209050091B691 /* Service */ = {
			isa = PBXGroup;
			children = (
				D143D9552A52096A0091B691 /* AuthService.swift */,
			);
			path = Service;
			sourceTree = "<group>";
		};
		D168DC9A2A6F930900BC3282 /* ViewModel */ = {
			isa = PBXGroup;
			children = (
				D1433CA12A70DC3200616CB0 /* CreateGroupChatViewModel.swift */,
				D17A19FB2A78EAC8004DC1F4 /* GroupChatsViewModel.swift */,
			);
			path = ViewModel;
			sourceTree = "<group>";
		};
		D178EE392A81F67E00B59D07 /* Model */ = {
			isa = PBXGroup;
			children = (
				D178EE3A2A81F69A00B59D07 /* AuthError.swift */,
			);
			path = Model;
			sourceTree = "<group>";
		};
		D19F04DF2A7CA2AD004BD33F /* Service */ = {
			isa = PBXGroup;
			children = (
				D19F04E02A7CA2C5004BD33F /* InboxService.swift */,
			);
			path = Service;
			sourceTree = "<group>";
		};
		D19F04E22A7CA54E004BD33F /* Utils */ = {
			isa = PBXGroup;
			children = (
				D1C6CAC62A5DD63000E834B0 /* Constants.swift */,
				D178EE372A81F0CA00B59D07 /* PhotosPickerHelper.swift */,
				D1A899232A821A7400E27E8F /* ScrollViewOffsetPreferenceKey.swift */,
			);
			path = Utils;
			sourceTree = "<group>";
		};
		D1B8BC302A6E3D2F00D17E79 /* Components */ = {
			isa = PBXGroup;
			children = (
				D1BBA5802A5DB7F300D86D47 /* ChatBubble.swift */,
				D1A899212A82152700E27E8F /* MessageInputView.swift */,
			);
			path = Components;
			sourceTree = "<group>";
		};
		D1B8E4F32A5D440900B3063B /* Service */ = {
			isa = PBXGroup;
			children = (
				D1B8E4F42A5D442F00B3063B /* ImageUploader.swift */,
				D1B8E4FC2A5D6E3A00B3063B /* UserService.swift */,
				D1B9A09E2A604D9B00BFCF82 /* MessageService.swift */,
			);
			path = Service;
			sourceTree = "<group>";
		};
		D1B8E4F82A5D6CF600B3063B /* ViewModel */ = {
			isa = PBXGroup;
			children = (
				D1B8E4FA2A5D6D1400B3063B /* ContentViewModel.swift */,
			);
			path = ViewModel;
			sourceTree = "<group>";
		};
		D1B8E4F92A5D6D0000B3063B /* View */ = {
			isa = PBXGroup;
			children = (
				D143D91D2A5149AE0091B691 /* ContentView.swift */,
			);
			path = View;
			sourceTree = "<group>";
		};
		D1B8E5002A5D7E0F00B3063B /* ViewModel */ = {
			isa = PBXGroup;
			children = (
				D1B8E4FE2A5D7BB700B3063B /* LoginViewModel.swift */,
				D1B8E5012A5D7E2F00B3063B /* RegistrationViewModel.swift */,
			);
			path = ViewModel;
			sourceTree = "<group>";
		};
		D1B96C852A5DFEDC00526A53 /* ViewModel */ = {
			isa = PBXGroup;
			children = (
				D1B9A0A02A61569E00BFCF82 /* ChatViewModel.swift */,
			);
			path = ViewModel;
			sourceTree = "<group>";
		};
		D1B96C862A5DFEE500526A53 /* View */ = {
			isa = PBXGroup;
			children = (
				D1BBA57E2A5DB4C000D86D47 /* ChatView.swift */,
				D1BBA5822A5DB81600D86D47 /* ChatMessageCell.swift */,
			);
			path = View;
			sourceTree = "<group>";
		};
		D1BBA57D2A5DB49D00D86D47 /* Messaging */ = {
			isa = PBXGroup;
			children = (
				D1B8BC302A6E3D2F00D17E79 /* Components */,
				D141C44D2A6D857000668706 /* Chat */,
			);
			path = Messaging;
			sourceTree = "<group>";
		};
		D1BE1A422A63D64D00BA9BC1 /* View */ = {
			isa = PBXGroup;
			children = (
				D143D9432A51871B0091B691 /* InboxView.swift */,
				D143D9472A518E340091B691 /* InboxRowView.swift */,
			);
			path = View;
			sourceTree = "<group>";
		};
		D1BE1A432A63D65B00BA9BC1 /* ViewModel */ = {
			isa = PBXGroup;
			children = (
				D19F04E32A7CA790004BD33F /* InboxViewModel.swift */,
			);
			path = ViewModel;
			sourceTree = "<group>";
		};
		D1C6CAC12A5DD4A400E834B0 /* View */ = {
			isa = PBXGroup;
			children = (
				D143D9452A5188A90091B691 /* NewMessageView.swift */,
			);
			path = View;
			sourceTree = "<group>";
		};
		D1C6CAC22A5DD4A900E834B0 /* ViewModel */ = {
			isa = PBXGroup;
			children = (
				D1C6CAC42A5DD4D900E834B0 /* NewMessageViewModel.swift */,
			);
			path = ViewModel;
			sourceTree = "<group>";
		};
		D1C7C2762A6E766600C9659B /* GroupChat(Channels) */ = {
			isa = PBXGroup;
			children = (
				D11FCBC72A7F602D007479BA /* CreateGroupChat */,
				D11FCBC42A7F5F38007479BA /* SelectGroupMembers */,
				D11FCBC12A7F5ED3007479BA /* Chat */,
			);
			path = "GroupChat(Channels)";
			sourceTree = "<group>";
		};
/* End PBXGroup section */

/* Begin PBXNativeTarget section */
		D143D9172A5149AE0091B691 /* ChatApp */ = {
			isa = PBXNativeTarget;
			buildConfigurationList = D143D9262A5149B00091B691 /* Build configuration list for PBXNativeTarget "ChatApp" */;
			buildPhases = (
				D143D9142A5149AE0091B691 /* Sources */,
				D143D9152A5149AE0091B691 /* Frameworks */,
				D143D9162A5149AE0091B691 /* Resources */,
			);
			buildRules = (
			);
			dependencies = (
			);
			name = ChatApp;
			packageProductDependencies = (
				D1C7C26B2A6E585700C9659B /* Kingfisher */,
				D1C7C26E2A6E5F0F00C9659B /* FirebaseAuth */,
				D1C7C2702A6E5F0F00C9659B /* FirebaseFirestore */,
				D1C7C2722A6E5F0F00C9659B /* FirebaseFirestoreSwift */,
				D1C7C2742A6E5F0F00C9659B /* FirebaseStorage */,
			);
			productName = ChatApp;
			productReference = D143D9182A5149AE0091B691 /* ChatApp.app */;
			productType = "com.apple.product-type.application";
		};
/* End PBXNativeTarget section */

/* Begin PBXProject section */
		D143D9102A5149AE0091B691 /* Project object */ = {
			isa = PBXProject;
			attributes = {
				BuildIndependentTargetsInParallel = 1;
				LastSwiftUpdateCheck = 1420;
				LastUpgradeCheck = 1420;
				TargetAttributes = {
					D143D9172A5149AE0091B691 = {
						CreatedOnToolsVersion = 14.2;
					};
				};
			};
			buildConfigurationList = D143D9132A5149AE0091B691 /* Build configuration list for PBXProject "ChatApp" */;
			compatibilityVersion = "Xcode 14.0";
			developmentRegion = en;
			hasScannedForEncodings = 0;
			knownRegions = (
				en,
				Base,
			);
			mainGroup = D143D90F2A5149AE0091B691;
			packageReferences = (
				D1C7C26A2A6E585700C9659B /* XCRemoteSwiftPackageReference "Kingfisher" */,
				D1C7C26D2A6E5F0F00C9659B /* XCRemoteSwiftPackageReference "firebase-ios-sdk" */,
			);
			productRefGroup = D143D9192A5149AE0091B691 /* Products */;
			projectDirPath = "";
			projectRoot = "";
			targets = (
				D143D9172A5149AE0091B691 /* ChatApp */,
			);
		};
/* End PBXProject section */

/* Begin PBXResourcesBuildPhase section */
		D143D9162A5149AE0091B691 /* Resources */ = {
			isa = PBXResourcesBuildPhase;
			buildActionMask = 2147483647;
			files = (
				D143D9232A5149B00091B691 /* Preview Assets.xcassets in Resources */,
				D143D9202A5149B00091B691 /* Assets.xcassets in Resources */,
				D143D94A2A5204D70091B691 /* GoogleService-Info.plist in Resources */,
			);
			runOnlyForDeploymentPostprocessing = 0;
		};
/* End PBXResourcesBuildPhase section */

/* Begin PBXSourcesBuildPhase section */
		D143D9142A5149AE0091B691 /* Sources */ = {
			isa = PBXSourcesBuildPhase;
			buildActionMask = 2147483647;
			files = (
				D1B9A09F2A604D9B00BFCF82 /* MessageService.swift in Sources */,
				D143D9312A514B710091B691 /* LoginView.swift in Sources */,
				D143D9332A514E790091B691 /* InputView.swift in Sources */,
				D17A19FE2A78EE9A004DC1F4 /* GroupChat.swift in Sources */,
				D1B8E4F52A5D442F00B3063B /* ImageUploader.swift in Sources */,
				D1B8E5022A5D7E2F00B3063B /* RegistrationViewModel.swift in Sources */,
				D178EE3B2A81F69A00B59D07 /* AuthError.swift in Sources */,
				D1B8BC332A6E4CE500D17E79 /* SelectGroupMembersView.swift in Sources */,
				D19F04E12A7CA2C5004BD33F /* InboxService.swift in Sources */,
				D168DC9E2A6F9EA500BC3282 /* SelectableUserCellViewModel.swift in Sources */,
				D178EE382A81F0CA00B59D07 /* PhotosPickerHelper.swift in Sources */,
				D1BBA57F2A5DB4C000D86D47 /* ChatView.swift in Sources */,
				D1B2AE832A71018300D17BA6 /* CreateGroupChatView.swift in Sources */,
				D1B2AE812A70F88B00D17BA6 /* SelectGroupMembersViewModel.swift in Sources */,
				D143D93D2A5179350091B691 /* SettingsOptionsViewModel.swift in Sources */,
				D1A899242A821A7400E27E8F /* ScrollViewOffsetPreferenceKey.swift in Sources */,
				D11FCBCA2A8180A3007479BA /* Route.swift in Sources */,
				D143D91E2A5149AE0091B691 /* ContentView.swift in Sources */,
				D1C6CAC72A5DD63000E834B0 /* Constants.swift in Sources */,
				D143D9482A518E340091B691 /* InboxRowView.swift in Sources */,
				D1B8E4FD2A5D6E3A00B3063B /* UserService.swift in Sources */,
				D143D91C2A5149AE0091B691 /* ChatAppApp.swift in Sources */,
				D1A899222A82152700E27E8F /* MessageInputView.swift in Sources */,
				D11FCBB92A7E1243007479BA /* Date.swift in Sources */,
				D1B937A32A5DA762005AE24A /* CircularProfileImageView.swift in Sources */,
				D1C7C27A2A6EF24400C9659B /* SelectableUserCell.swift in Sources */,
				D1B8E4FF2A5D7BB700B3063B /* LoginViewModel.swift in Sources */,
				D143D93F2A517AD40091B691 /* User.swift in Sources */,
				D1B8E4FB2A5D6D1400B3063B /* ContentViewModel.swift in Sources */,
				D178EE362A81DB8000B59D07 /* Color.swift in Sources */,
				D1B9A0A12A61569E00BFCF82 /* ChatViewModel.swift in Sources */,
				D1C6CAC52A5DD4D900E834B0 /* NewMessageViewModel.swift in Sources */,
				D143D9372A5165F50091B691 /* ProfileView.swift in Sources */,
				D11FCBCC2A818219007479BA /* GroupChatViewModel.swift in Sources */,
				D1BBA5812A5DB7F300D86D47 /* ChatBubble.swift in Sources */,
				D1433CA22A70DC3200616CB0 /* CreateGroupChatViewModel.swift in Sources */,
				D1C7C2782A6E771600C9659B /* SelectedGroupMembersView.swift in Sources */,
				D17A19FC2A78EAC8004DC1F4 /* GroupChatsViewModel.swift in Sources */,
				D1B8E4F72A5D524F00B3063B /* ProfileViewModel.swift in Sources */,
				D1BE174D2A52869E00E8B8F0 /* ForgotPasswordView.swift in Sources */,
				D141C44C2A6D767100668706 /* GroupChatView.swift in Sources */,
				D1C7C27C2A6EF84F00C9659B /* SelectableUser.swift in Sources */,
				D1BBA5832A5DB81600D86D47 /* ChatMessageCell.swift in Sources */,
				D143D9442A51871B0091B691 /* InboxView.swift in Sources */,
				D19F04E42A7CA790004BD33F /* InboxViewModel.swift in Sources */,
				D143D9462A5188A90091B691 /* NewMessageView.swift in Sources */,
				D1A899202A82004900E27E8F /* ChatService.swift in Sources */,
				D1BBA5852A5DCA2800D86D47 /* Message.swift in Sources */,
				D1B8BC2F2A6E3C2400D17E79 /* GroupChatCell.swift in Sources */,
				D143D9352A51581A0091B691 /* RegistrationView.swift in Sources */,
				D143D9562A52096A0091B691 /* AuthService.swift in Sources */,
			);
			runOnlyForDeploymentPostprocessing = 0;
		};
/* End PBXSourcesBuildPhase section */

/* Begin XCBuildConfiguration section */
		D143D9242A5149B00091B691 /* Debug */ = {
			isa = XCBuildConfiguration;
			buildSettings = {
				ALWAYS_SEARCH_USER_PATHS = NO;
				CLANG_ANALYZER_NONNULL = YES;
				CLANG_ANALYZER_NUMBER_OBJECT_CONVERSION = YES_AGGRESSIVE;
				CLANG_CXX_LANGUAGE_STANDARD = "gnu++20";
				CLANG_ENABLE_MODULES = YES;
				CLANG_ENABLE_OBJC_ARC = YES;
				CLANG_ENABLE_OBJC_WEAK = YES;
				CLANG_WARN_BLOCK_CAPTURE_AUTORELEASING = YES;
				CLANG_WARN_BOOL_CONVERSION = YES;
				CLANG_WARN_COMMA = YES;
				CLANG_WARN_CONSTANT_CONVERSION = YES;
				CLANG_WARN_DEPRECATED_OBJC_IMPLEMENTATIONS = YES;
				CLANG_WARN_DIRECT_OBJC_ISA_USAGE = YES_ERROR;
				CLANG_WARN_DOCUMENTATION_COMMENTS = YES;
				CLANG_WARN_EMPTY_BODY = YES;
				CLANG_WARN_ENUM_CONVERSION = YES;
				CLANG_WARN_INFINITE_RECURSION = YES;
				CLANG_WARN_INT_CONVERSION = YES;
				CLANG_WARN_NON_LITERAL_NULL_CONVERSION = YES;
				CLANG_WARN_OBJC_IMPLICIT_RETAIN_SELF = YES;
				CLANG_WARN_OBJC_LITERAL_CONVERSION = YES;
				CLANG_WARN_OBJC_ROOT_CLASS = YES_ERROR;
				CLANG_WARN_QUOTED_INCLUDE_IN_FRAMEWORK_HEADER = YES;
				CLANG_WARN_RANGE_LOOP_ANALYSIS = YES;
				CLANG_WARN_STRICT_PROTOTYPES = YES;
				CLANG_WARN_SUSPICIOUS_MOVE = YES;
				CLANG_WARN_UNGUARDED_AVAILABILITY = YES_AGGRESSIVE;
				CLANG_WARN_UNREACHABLE_CODE = YES;
				CLANG_WARN__DUPLICATE_METHOD_MATCH = YES;
				COPY_PHASE_STRIP = NO;
				DEBUG_INFORMATION_FORMAT = dwarf;
				ENABLE_STRICT_OBJC_MSGSEND = YES;
				ENABLE_TESTABILITY = YES;
				GCC_C_LANGUAGE_STANDARD = gnu11;
				GCC_DYNAMIC_NO_PIC = NO;
				GCC_NO_COMMON_BLOCKS = YES;
				GCC_OPTIMIZATION_LEVEL = 0;
				GCC_PREPROCESSOR_DEFINITIONS = (
					"DEBUG=1",
					"$(inherited)",
				);
				GCC_WARN_64_TO_32_BIT_CONVERSION = YES;
				GCC_WARN_ABOUT_RETURN_TYPE = YES_ERROR;
				GCC_WARN_UNDECLARED_SELECTOR = YES;
				GCC_WARN_UNINITIALIZED_AUTOS = YES_AGGRESSIVE;
				GCC_WARN_UNUSED_FUNCTION = YES;
				GCC_WARN_UNUSED_VARIABLE = YES;
				IPHONEOS_DEPLOYMENT_TARGET = 16.2;
				MTL_ENABLE_DEBUG_INFO = INCLUDE_SOURCE;
				MTL_FAST_MATH = YES;
				ONLY_ACTIVE_ARCH = YES;
				SDKROOT = iphoneos;
				SWIFT_ACTIVE_COMPILATION_CONDITIONS = DEBUG;
				SWIFT_OPTIMIZATION_LEVEL = "-Onone";
			};
			name = Debug;
		};
		D143D9252A5149B00091B691 /* Release */ = {
			isa = XCBuildConfiguration;
			buildSettings = {
				ALWAYS_SEARCH_USER_PATHS = NO;
				CLANG_ANALYZER_NONNULL = YES;
				CLANG_ANALYZER_NUMBER_OBJECT_CONVERSION = YES_AGGRESSIVE;
				CLANG_CXX_LANGUAGE_STANDARD = "gnu++20";
				CLANG_ENABLE_MODULES = YES;
				CLANG_ENABLE_OBJC_ARC = YES;
				CLANG_ENABLE_OBJC_WEAK = YES;
				CLANG_WARN_BLOCK_CAPTURE_AUTORELEASING = YES;
				CLANG_WARN_BOOL_CONVERSION = YES;
				CLANG_WARN_COMMA = YES;
				CLANG_WARN_CONSTANT_CONVERSION = YES;
				CLANG_WARN_DEPRECATED_OBJC_IMPLEMENTATIONS = YES;
				CLANG_WARN_DIRECT_OBJC_ISA_USAGE = YES_ERROR;
				CLANG_WARN_DOCUMENTATION_COMMENTS = YES;
				CLANG_WARN_EMPTY_BODY = YES;
				CLANG_WARN_ENUM_CONVERSION = YES;
				CLANG_WARN_INFINITE_RECURSION = YES;
				CLANG_WARN_INT_CONVERSION = YES;
				CLANG_WARN_NON_LITERAL_NULL_CONVERSION = YES;
				CLANG_WARN_OBJC_IMPLICIT_RETAIN_SELF = YES;
				CLANG_WARN_OBJC_LITERAL_CONVERSION = YES;
				CLANG_WARN_OBJC_ROOT_CLASS = YES_ERROR;
				CLANG_WARN_QUOTED_INCLUDE_IN_FRAMEWORK_HEADER = YES;
				CLANG_WARN_RANGE_LOOP_ANALYSIS = YES;
				CLANG_WARN_STRICT_PROTOTYPES = YES;
				CLANG_WARN_SUSPICIOUS_MOVE = YES;
				CLANG_WARN_UNGUARDED_AVAILABILITY = YES_AGGRESSIVE;
				CLANG_WARN_UNREACHABLE_CODE = YES;
				CLANG_WARN__DUPLICATE_METHOD_MATCH = YES;
				COPY_PHASE_STRIP = NO;
				DEBUG_INFORMATION_FORMAT = "dwarf-with-dsym";
				ENABLE_NS_ASSERTIONS = NO;
				ENABLE_STRICT_OBJC_MSGSEND = YES;
				GCC_C_LANGUAGE_STANDARD = gnu11;
				GCC_NO_COMMON_BLOCKS = YES;
				GCC_WARN_64_TO_32_BIT_CONVERSION = YES;
				GCC_WARN_ABOUT_RETURN_TYPE = YES_ERROR;
				GCC_WARN_UNDECLARED_SELECTOR = YES;
				GCC_WARN_UNINITIALIZED_AUTOS = YES_AGGRESSIVE;
				GCC_WARN_UNUSED_FUNCTION = YES;
				GCC_WARN_UNUSED_VARIABLE = YES;
				IPHONEOS_DEPLOYMENT_TARGET = 16.2;
				MTL_ENABLE_DEBUG_INFO = NO;
				MTL_FAST_MATH = YES;
				SDKROOT = iphoneos;
				SWIFT_COMPILATION_MODE = wholemodule;
				SWIFT_OPTIMIZATION_LEVEL = "-O";
				VALIDATE_PRODUCT = YES;
			};
			name = Release;
		};
		D143D9272A5149B00091B691 /* Debug */ = {
			isa = XCBuildConfiguration;
			buildSettings = {
				ASSETCATALOG_COMPILER_APPICON_NAME = AppIcon;
				ASSETCATALOG_COMPILER_GLOBAL_ACCENT_COLOR_NAME = AccentColor;
				CODE_SIGN_STYLE = Automatic;
				CURRENT_PROJECT_VERSION = 1;
				DEVELOPMENT_ASSET_PATHS = "\"ChatApp/Preview Content\"";
				DEVELOPMENT_TEAM = CDH42M232K;
				ENABLE_PREVIEWS = YES;
				GENERATE_INFOPLIST_FILE = YES;
				INFOPLIST_KEY_UIApplicationSceneManifest_Generation = YES;
				INFOPLIST_KEY_UIApplicationSupportsIndirectInputEvents = YES;
				INFOPLIST_KEY_UILaunchScreen_Generation = YES;
				INFOPLIST_KEY_UISupportedInterfaceOrientations_iPad = "UIInterfaceOrientationPortrait UIInterfaceOrientationPortraitUpsideDown UIInterfaceOrientationLandscapeLeft UIInterfaceOrientationLandscapeRight";
				INFOPLIST_KEY_UISupportedInterfaceOrientations_iPhone = "UIInterfaceOrientationPortrait UIInterfaceOrientationLandscapeLeft UIInterfaceOrientationLandscapeRight";
				LD_RUNPATH_SEARCH_PATHS = (
					"$(inherited)",
					"@executable_path/Frameworks",
				);
				MARKETING_VERSION = 1.0;
				PRODUCT_BUNDLE_IDENTIFIER = jkingsbury.ChatApp;
				PRODUCT_NAME = "$(TARGET_NAME)";
				SWIFT_EMIT_LOC_STRINGS = YES;
				SWIFT_VERSION = 5.0;
				TARGETED_DEVICE_FAMILY = "1,2";
			};
			name = Debug;
		};
		D143D9282A5149B00091B691 /* Release */ = {
			isa = XCBuildConfiguration;
			buildSettings = {
				ASSETCATALOG_COMPILER_APPICON_NAME = AppIcon;
				ASSETCATALOG_COMPILER_GLOBAL_ACCENT_COLOR_NAME = AccentColor;
				CODE_SIGN_STYLE = Automatic;
				CURRENT_PROJECT_VERSION = 1;
				DEVELOPMENT_ASSET_PATHS = "\"ChatApp/Preview Content\"";
				DEVELOPMENT_TEAM = CDH42M232K;
				ENABLE_PREVIEWS = YES;
				GENERATE_INFOPLIST_FILE = YES;
				INFOPLIST_KEY_UIApplicationSceneManifest_Generation = YES;
				INFOPLIST_KEY_UIApplicationSupportsIndirectInputEvents = YES;
				INFOPLIST_KEY_UILaunchScreen_Generation = YES;
				INFOPLIST_KEY_UISupportedInterfaceOrientations_iPad = "UIInterfaceOrientationPortrait UIInterfaceOrientationPortraitUpsideDown UIInterfaceOrientationLandscapeLeft UIInterfaceOrientationLandscapeRight";
				INFOPLIST_KEY_UISupportedInterfaceOrientations_iPhone = "UIInterfaceOrientationPortrait UIInterfaceOrientationLandscapeLeft UIInterfaceOrientationLandscapeRight";
				LD_RUNPATH_SEARCH_PATHS = (
					"$(inherited)",
					"@executable_path/Frameworks",
				);
				MARKETING_VERSION = 1.0;
				PRODUCT_BUNDLE_IDENTIFIER = jkingsbury.ChatApp;
				PRODUCT_NAME = "$(TARGET_NAME)";
				SWIFT_EMIT_LOC_STRINGS = YES;
				SWIFT_VERSION = 5.0;
				TARGETED_DEVICE_FAMILY = "1,2";
			};
			name = Release;
		};
/* End XCBuildConfiguration section */

/* Begin XCConfigurationList section */
		D143D9132A5149AE0091B691 /* Build configuration list for PBXProject "ChatApp" */ = {
			isa = XCConfigurationList;
			buildConfigurations = (
				D143D9242A5149B00091B691 /* Debug */,
				D143D9252A5149B00091B691 /* Release */,
			);
			defaultConfigurationIsVisible = 0;
			defaultConfigurationName = Release;
		};
		D143D9262A5149B00091B691 /* Build configuration list for PBXNativeTarget "ChatApp" */ = {
			isa = XCConfigurationList;
			buildConfigurations = (
				D143D9272A5149B00091B691 /* Debug */,
				D143D9282A5149B00091B691 /* Release */,
			);
			defaultConfigurationIsVisible = 0;
			defaultConfigurationName = Release;
		};
/* End XCConfigurationList section */

/* Begin XCRemoteSwiftPackageReference section */
		D1C7C26A2A6E585700C9659B /* XCRemoteSwiftPackageReference "Kingfisher" */ = {
			isa = XCRemoteSwiftPackageReference;
			repositoryURL = "https://github.com/onevcat/Kingfisher.git";
			requirement = {
				kind = upToNextMajorVersion;
				minimumVersion = 7.0.0;
			};
		};
		D1C7C26D2A6E5F0F00C9659B /* XCRemoteSwiftPackageReference "firebase-ios-sdk" */ = {
			isa = XCRemoteSwiftPackageReference;
			repositoryURL = "https://github.com/firebase/firebase-ios-sdk";
			requirement = {
				kind = upToNextMajorVersion;
				minimumVersion = 9.0.0;
			};
		};
/* End XCRemoteSwiftPackageReference section */

/* Begin XCSwiftPackageProductDependency section */
		D1C7C26B2A6E585700C9659B /* Kingfisher */ = {
			isa = XCSwiftPackageProductDependency;
			package = D1C7C26A2A6E585700C9659B /* XCRemoteSwiftPackageReference "Kingfisher" */;
			productName = Kingfisher;
		};
		D1C7C26E2A6E5F0F00C9659B /* FirebaseAuth */ = {
			isa = XCSwiftPackageProductDependency;
			package = D1C7C26D2A6E5F0F00C9659B /* XCRemoteSwiftPackageReference "firebase-ios-sdk" */;
			productName = FirebaseAuth;
		};
		D1C7C2702A6E5F0F00C9659B /* FirebaseFirestore */ = {
			isa = XCSwiftPackageProductDependency;
			package = D1C7C26D2A6E5F0F00C9659B /* XCRemoteSwiftPackageReference "firebase-ios-sdk" */;
			productName = FirebaseFirestore;
		};
		D1C7C2722A6E5F0F00C9659B /* FirebaseFirestoreSwift */ = {
			isa = XCSwiftPackageProductDependency;
			package = D1C7C26D2A6E5F0F00C9659B /* XCRemoteSwiftPackageReference "firebase-ios-sdk" */;
			productName = FirebaseFirestoreSwift;
		};
		D1C7C2742A6E5F0F00C9659B /* FirebaseStorage */ = {
			isa = XCSwiftPackageProductDependency;
			package = D1C7C26D2A6E5F0F00C9659B /* XCRemoteSwiftPackageReference "firebase-ios-sdk" */;
			productName = FirebaseStorage;
		};
/* End XCSwiftPackageProductDependency section */
	};
	rootObject = D143D9102A5149AE0091B691 /* Project object */;
}
